
Microsoft Visual Studio Solution File, Format Version 12.00
# Visual Studio Version 17
VisualStudioVersion = 17.7.34202.233
MinimumVisualStudioVersion = 10.0.40219.1
Project("{FAE04EC0-301F-11D3-BF4B-00C04F79EFBC}") = "FirstProject", "FirstProject\FirstProject.csproj", "{AD8FD30C-22CA-44E5-AD86-8C047BEE5B0D}"
EndProject
Global
	GlobalSection(SolutionConfigurationPlatforms) = preSolution
		Debug|Any CPU = Debug|Any CPU
		Release|Any CPU = Release|Any CPU
	EndGlobalSection
	GlobalSection(ProjectConfigurationPlatforms) = postSolution
		{AD8FD30C-22CA-44E5-AD86-8C047BEE5B0D}.Debug|Any CPU.ActiveCfg = Debug|Any CPU
		{AD8FD30C-22CA-44E5-AD86-8C047BEE5B0D}.Debug|Any CPU.Build.0 = Debug|Any CPU
		{AD8FD30C-22CA-44E5-AD86-8C047BEE5B0D}.Release|Any CPU.ActiveCfg = Release|Any CPU
		{AD8FD30C-22CA-44E5-AD86-8C047BEE5B0D}.Release|Any CPU.Build.0 = Release|Any CPU
	EndGlobalSection
	GlobalSection(SolutionProperties) = preSolution
		HideSolutionNode = FALSE
	EndGlobalSection
	GlobalSection(ExtensibilityGlobals) = postSolution
		SolutionGuid = {2DE7CE46-CA5C-44B1-831D-604E0EC9EB9F}
	EndGlobalSection
EndGlobal
